
Microsoft Visual Studio Solution File, Format Version 12.00
# Visual Studio Version 16
VisualStudioVersion = 16.0.30011.22
MinimumVisualStudioVersion = 10.0.40219.1
Project("{FAE04EC0-301F-11D3-BF4B-00C04F79EFBC}") = "UserMaintenance", "UserMaintenance.csproj", "{076BCF6E-380C-4C76-95D8-135F3D0A892E}"
EndProject
Global
	GlobalSection(SolutionConfigurationPlatforms) = preSolution
		Debug|Any CPU = Debug|Any CPU
		Release|Any CPU = Release|Any CPU
	EndGlobalSection
	GlobalSection(ProjectConfigurationPlatforms) = postSolution
		{076BCF6E-380C-4C76-95D8-135F3D0A892E}.Debug|Any CPU.ActiveCfg = Debug|Any CPU
		{076BCF6E-380C-4C76-95D8-135F3D0A892E}.Debug|Any CPU.Build.0 = Debug|Any CPU
		{076BCF6E-380C-4C76-95D8-135F3D0A892E}.Release|Any CPU.ActiveCfg = Release|Any CPU
		{076BCF6E-380C-4C76-95D8-135F3D0A892E}.Release|Any CPU.Build.0 = Release|Any CPU
	EndGlobalSection
	GlobalSection(SolutionProperties) = preSolution
		HideSolutionNode = FALSE
	EndGlobalSection
	GlobalSection(ExtensibilityGlobals) = postSolution
		SolutionGuid = {A1BBDA58-F62F-4E96-BDEB-A7AC9959B771}
	EndGlobalSection
EndGlobal
