
Microsoft Visual Studio Solution File, Format Version 12.00
# Visual Studio Version 16
VisualStudioVersion = 16.0.30011.22
MinimumVisualStudioVersion = 10.0.40219.1
Project("{FAE04EC0-301F-11D3-BF4B-00C04F79EFBC}") = "4gyak", "4gyak.csproj", "{0C9063EB-1586-4CEE-B648-F9437FBD2CE6}"
EndProject
Global
	GlobalSection(SolutionConfigurationPlatforms) = preSolution
		Debug|Any CPU = Debug|Any CPU
		Release|Any CPU = Release|Any CPU
	EndGlobalSection
	GlobalSection(ProjectConfigurationPlatforms) = postSolution
		{0C9063EB-1586-4CEE-B648-F9437FBD2CE6}.Debug|Any CPU.ActiveCfg = Debug|Any CPU
		{0C9063EB-1586-4CEE-B648-F9437FBD2CE6}.Debug|Any CPU.Build.0 = Debug|Any CPU
		{0C9063EB-1586-4CEE-B648-F9437FBD2CE6}.Release|Any CPU.ActiveCfg = Release|Any CPU
		{0C9063EB-1586-4CEE-B648-F9437FBD2CE6}.Release|Any CPU.Build.0 = Release|Any CPU
	EndGlobalSection
	GlobalSection(SolutionProperties) = preSolution
		HideSolutionNode = FALSE
	EndGlobalSection
	GlobalSection(ExtensibilityGlobals) = postSolution
		SolutionGuid = {70800A64-196C-4F03-808D-675AAD059981}
	EndGlobalSection
EndGlobal
